
Microsoft Visual Studio Solution File, Format Version 12.00
# Visual Studio Version 17
VisualStudioVersion = 17.7.34031.279
MinimumVisualStudioVersion = 10.0.40219.1
Project("{8BC9CEB8-8B4A-11D0-8D11-00A0C91BC942}") = "lab9t1", "lab9t1\lab9t1.vcxproj", "{60A0B4B5-58D3-48AC-A5B4-84C68714553B}"
EndProject
Project("{8BC9CEB8-8B4A-11D0-8D11-00A0C91BC942}") = "lab9t2", "lab9t2\lab9t2.vcxproj", "{4C59B4F4-D72A-4988-AAC8-5E1BD1468D07}"
EndProject
Project("{8BC9CEB8-8B4A-11D0-8D11-00A0C91BC942}") = "lab9hw", "lab9hw\lab9hw.vcxproj", "{C41A9824-AD33-4977-B2CB-20447665838D}"
EndProject
Global
	GlobalSection(SolutionConfigurationPlatforms) = preSolution
		Debug|x64 = Debug|x64
		Debug|x86 = Debug|x86
		Release|x64 = Release|x64
		Release|x86 = Release|x86
	EndGlobalSection
	GlobalSection(ProjectConfigurationPlatforms) = postSolution
		{60A0B4B5-58D3-48AC-A5B4-84C68714553B}.Debug|x64.ActiveCfg = Debug|x64
		{60A0B4B5-58D3-48AC-A5B4-84C68714553B}.Debug|x64.Build.0 = Debug|x64
		{60A0B4B5-58D3-48AC-A5B4-84C68714553B}.Debug|x86.ActiveCfg = Debug|Win32
		{60A0B4B5-58D3-48AC-A5B4-84C68714553B}.Debug|x86.Build.0 = Debug|Win32
		{60A0B4B5-58D3-48AC-A5B4-84C68714553B}.Release|x64.ActiveCfg = Release|x64
		{60A0B4B5-58D3-48AC-A5B4-84C68714553B}.Release|x64.Build.0 = Release|x64
		{60A0B4B5-58D3-48AC-A5B4-84C68714553B}.Release|x86.ActiveCfg = Release|Win32
		{60A0B4B5-58D3-48AC-A5B4-84C68714553B}.Release|x86.Build.0 = Release|Win32
		{4C59B4F4-D72A-4988-AAC8-5E1BD1468D07}.Debug|x64.ActiveCfg = Debug|x64
		{4C59B4F4-D72A-4988-AAC8-5E1BD1468D07}.Debug|x64.Build.0 = Debug|x64
		{4C59B4F4-D72A-4988-AAC8-5E1BD1468D07}.Debug|x86.ActiveCfg = Debug|Win32
		{4C59B4F4-D72A-4988-AAC8-5E1BD1468D07}.Debug|x86.Build.0 = Debug|Win32
		{4C59B4F4-D72A-4988-AAC8-5E1BD1468D07}.Release|x64.ActiveCfg = Release|x64
		{4C59B4F4-D72A-4988-AAC8-5E1BD1468D07}.Release|x64.Build.0 = Release|x64
		{4C59B4F4-D72A-4988-AAC8-5E1BD1468D07}.Release|x86.ActiveCfg = Release|Win32
		{4C59B4F4-D72A-4988-AAC8-5E1BD1468D07}.Release|x86.Build.0 = Release|Win32
		{C41A9824-AD33-4977-B2CB-20447665838D}.Debug|x64.ActiveCfg = Debug|x64
		{C41A9824-AD33-4977-B2CB-20447665838D}.Debug|x64.Build.0 = Debug|x64
		{C41A9824-AD33-4977-B2CB-20447665838D}.Debug|x86.ActiveCfg = Debug|Win32
		{C41A9824-AD33-4977-B2CB-20447665838D}.Debug|x86.Build.0 = Debug|Win32
		{C41A9824-AD33-4977-B2CB-20447665838D}.Release|x64.ActiveCfg = Release|x64
		{C41A9824-AD33-4977-B2CB-20447665838D}.Release|x64.Build.0 = Release|x64
		{C41A9824-AD33-4977-B2CB-20447665838D}.Release|x86.ActiveCfg = Release|Win32
		{C41A9824-AD33-4977-B2CB-20447665838D}.Release|x86.Build.0 = Release|Win32
	EndGlobalSection
	GlobalSection(SolutionProperties) = preSolution
		HideSolutionNode = FALSE
	EndGlobalSection
	GlobalSection(ExtensibilityGlobals) = postSolution
		SolutionGuid = {28681B33-3C17-4C04-9D90-257DBB4EF2AD}
	EndGlobalSection
EndGlobal
